{
  "originHash" : "f7b298a1f7bd72cace9451be770e8d4d7060c39b0b0c07e09e0fa286e2e22ab1",
  "pins" : [
    {
      "identity" : "homerfoundation",
      "kind" : "remoteSourceControl",
      "location" : "https://github.com/akkanferhan/HomerFoundation.git",
      "state" : {
        "revision" : "36b41e6880ef7ba5957ecb3c6ef8cc9f4a40d813",
        "version" : "0.2.0"
      }
    }
  ],
  "version" : 3
}
